
Microsoft Visual Studio Solution File, Format Version 12.00
# Visual Studio Version 16
VisualStudioVersion = 16.0.31911.196
MinimumVisualStudioVersion = 10.0.40219.1
Project("{FAE04EC0-301F-11D3-BF4B-00C04F79EFBC}") = "SqlServerSample", "SqlServerSample.csproj", "{29848E58-F2B6-4C0E-BD17-F70B622B4CD4}"
EndProject
Global
	GlobalSection(SolutionConfigurationPlatforms) = preSolution
		Debug|Any CPU = Debug|Any CPU
		Release|Any CPU = Release|Any CPU
	EndGlobalSection
	GlobalSection(ProjectConfigurationPlatforms) = postSolution
		{29848E58-F2B6-4C0E-BD17-F70B622B4CD4}.Debug|Any CPU.ActiveCfg = Debug|Any CPU
		{29848E58-F2B6-4C0E-BD17-F70B622B4CD4}.Debug|Any CPU.Build.0 = Debug|Any CPU
		{29848E58-F2B6-4C0E-BD17-F70B622B4CD4}.Release|Any CPU.ActiveCfg = Release|Any CPU
		{29848E58-F2B6-4C0E-BD17-F70B622B4CD4}.Release|Any CPU.Build.0 = Release|Any CPU
	EndGlobalSection
	GlobalSection(SolutionProperties) = preSolution
		HideSolutionNode = FALSE
	EndGlobalSection
	GlobalSection(ExtensibilityGlobals) = postSolution
		SolutionGuid = {E2E09313-DF71-4F9F-A9D7-8AFD99D7C2E2}
	EndGlobalSection
EndGlobal
